// !$*UTF8*$!
{
	archiveVersion = 1;
	classes = {
	};
	objectVersion = 56;
	objects = {

/* Begin PBXBuildFile section */
		C0CE542129D571B700F8AA12 /* AppDelegate.swift in Sources */ = {isa = PBXBuildFile; fileRef = C0CE542029D571B700F8AA12 /* AppDelegate.swift */; };
		C0CE542329D571B700F8AA12 /* SceneDelegate.swift in Sources */ = {isa = PBXBuildFile; fileRef = C0CE542229D571B700F8AA12 /* SceneDelegate.swift */; };
		C0CE542529D571B700F8AA12 /* ViewController.swift in Sources */ = {isa = PBXBuildFile; fileRef = C0CE542429D571B700F8AA12 /* ViewController.swift */; };
		C0CE542829D571B700F8AA12 /* Main.storyboard in Resources */ = {isa = PBXBuildFile; fileRef = C0CE542629D571B700F8AA12 /* Main.storyboard */; };
		C0CE542A29D571BA00F8AA12 /* Assets.xcassets in Resources */ = {isa = PBXBuildFile; fileRef = C0CE542929D571BA00F8AA12 /* Assets.xcassets */; };
		C0CE542D29D571BA00F8AA12 /* LaunchScreen.storyboard in Resources */ = {isa = PBXBuildFile; fileRef = C0CE542B29D571BA00F8AA12 /* LaunchScreen.storyboard */; };
		C0CE551829D582C000F8AA12 /* Service.swift in Sources */ = {isa = PBXBuildFile; fileRef = C0CE551729D582C000F8AA12 /* Service.swift */; };
		C0CE551A29D598DD00F8AA12 /* ViewModel.swift in Sources */ = {isa = PBXBuildFile; fileRef = C0CE551929D598DD00F8AA12 /* ViewModel.swift */; };
		C0CE551C29D5A3EA00F8AA12 /* SecondViewController.swift in Sources */ = {isa = PBXBuildFile; fileRef = C0CE551B29D5A3EA00F8AA12 /* SecondViewController.swift */; };
/* End PBXBuildFile section */

/* Begin PBXFileReference section */
		C0CE541D29D571B700F8AA12 /* Ionex.app */ = {isa = PBXFileReference; explicitFileType = wrapper.application; includeInIndex = 0; path = Ionex.app; sourceTree = BUILT_PRODUCTS_DIR; };
		C0CE542029D571B700F8AA12 /* AppDelegate.swift */ = {isa = PBXFileReference; lastKnownFileType = sourcecode.swift; path = AppDelegate.swift; sourceTree = "<group>"; };
		C0CE542229D571B700F8AA12 /* SceneDelegate.swift */ = {isa = PBXFileReference; lastKnownFileType = sourcecode.swift; path = SceneDelegate.swift; sourceTree = "<group>"; };
		C0CE542429D571B700F8AA12 /* ViewController.swift */ = {isa = PBXFileReference; lastKnownFileType = sourcecode.swift; path = ViewController.swift; sourceTree = "<group>"; };
		C0CE542729D571B700F8AA12 /* Base */ = {isa = PBXFileReference; lastKnownFileType = file.storyboard; name = Base; path = Base.lproj/Main.storyboard; sourceTree = "<group>"; };
		C0CE542929D571BA00F8AA12 /* Assets.xcassets */ = {isa = PBXFileReference; lastKnownFileType = folder.assetcatalog; path = Assets.xcassets; sourceTree = "<group>"; };
		C0CE542C29D571BA00F8AA12 /* Base */ = {isa = PBXFileReference; lastKnownFileType = file.storyboard; name = Base; path = Base.lproj/LaunchScreen.storyboard; sourceTree = "<group>"; };
		C0CE542E29D571BA00F8AA12 /* Info.plist */ = {isa = PBXFileReference; lastKnownFileType = text.plist.xml; path = Info.plist; sourceTree = "<group>"; };
		C0CE551729D582C000F8AA12 /* Service.swift */ = {isa = PBXFileReference; lastKnownFileType = sourcecode.swift; path = Service.swift; sourceTree = "<group>"; };
		C0CE551929D598DD00F8AA12 /* ViewModel.swift */ = {isa = PBXFileReference; lastKnownFileType = sourcecode.swift; path = ViewModel.swift; sourceTree = "<group>"; };
		C0CE551B29D5A3EA00F8AA12 /* SecondViewController.swift */ = {isa = PBXFileReference; lastKnownFileType = sourcecode.swift; path = SecondViewController.swift; sourceTree = "<group>"; };
/* End PBXFileReference section */

/* Begin PBXFrameworksBuildPhase section */
		C0CE541A29D571B700F8AA12 /* Frameworks */ = {
			isa = PBXFrameworksBuildPhase;
			buildActionMask = 2147483647;
			files = (
			);
			runOnlyForDeploymentPostprocessing = 0;
		};
/* End PBXFrameworksBuildPhase section */

/* Begin PBXGroup section */
		C0CE541429D571B700F8AA12 = {
			isa = PBXGroup;
			children = (
				C0CE541F29D571B700F8AA12 /* Ionex */,
				C0CE541E29D571B700F8AA12 /* Products */,
			);
			sourceTree = "<group>";
		};
		C0CE541E29D571B700F8AA12 /* Products */ = {
			isa = PBXGroup;
			children = (
				C0CE541D29D571B700F8AA12 /* Ionex.app */,
			);
			name = Products;
			sourceTree = "<group>";
		};
		C0CE541F29D571B700F8AA12 /* Ionex */ = {
			isa = PBXGroup;
			children = (
				C0CE551629D582A200F8AA12 /* API */,
				C0CE542029D571B700F8AA12 /* AppDelegate.swift */,
				C0CE542229D571B700F8AA12 /* SceneDelegate.swift */,
				C0CE551E29D5A40300F8AA12 /* Controller */,
				C0CE551D29D5A3F700F8AA12 /* ViewModel */,
				C0CE542629D571B700F8AA12 /* Main.storyboard */,
				C0CE542929D571BA00F8AA12 /* Assets.xcassets */,
				C0CE542B29D571BA00F8AA12 /* LaunchScreen.storyboard */,
				C0CE542E29D571BA00F8AA12 /* Info.plist */,
			);
			path = Ionex;
			sourceTree = "<group>";
		};
		C0CE551629D582A200F8AA12 /* API */ = {
			isa = PBXGroup;
			children = (
				C0CE551729D582C000F8AA12 /* Service.swift */,
			);
			path = API;
			sourceTree = "<group>";
		};
		C0CE551D29D5A3F700F8AA12 /* ViewModel */ = {
			isa = PBXGroup;
			children = (
				C0CE551929D598DD00F8AA12 /* ViewModel.swift */,
			);
			path = ViewModel;
			sourceTree = "<group>";
		};
		C0CE551E29D5A40300F8AA12 /* Controller */ = {
			isa = PBXGroup;
			children = (
				C0CE542429D571B700F8AA12 /* ViewController.swift */,
				C0CE551B29D5A3EA00F8AA12 /* SecondViewController.swift */,
			);
			path = Controller;
			sourceTree = "<group>";
		};
/* End PBXGroup section */

/* Begin PBXNativeTarget section */
		C0CE541C29D571B700F8AA12 /* Ionex */ = {
			isa = PBXNativeTarget;
			buildConfigurationList = C0CE543129D571BA00F8AA12 /* Build configuration list for PBXNativeTarget "Ionex" */;
			buildPhases = (
				C0CE541929D571B700F8AA12 /* Sources */,
				C0CE541A29D571B700F8AA12 /* Frameworks */,
				C0CE541B29D571B700F8AA12 /* Resources */,
			);
			buildRules = (
			);
			dependencies = (
			);
			name = Ionex;
			productName = Ionex;
			productReference = C0CE541D29D571B700F8AA12 /* Ionex.app */;
			productType = "com.apple.product-type.application";
		};
/* End PBXNativeTarget section */

/* Begin PBXProject section */
		C0CE541529D571B700F8AA12 /* Project object */ = {
			isa = PBXProject;
			attributes = {
				BuildIndependentTargetsInParallel = 1;
				LastSwiftUpdateCheck = 1420;
				LastUpgradeCheck = 1420;
				TargetAttributes = {
					C0CE541C29D571B700F8AA12 = {
						CreatedOnToolsVersion = 14.2;
					};
				};
			};
			buildConfigurationList = C0CE541829D571B700F8AA12 /* Build configuration list for PBXProject "Ionex" */;
			compatibilityVersion = "Xcode 14.0";
			developmentRegion = en;
			hasScannedForEncodings = 0;
			knownRegions = (
				en,
				Base,
			);
			mainGroup = C0CE541429D571B700F8AA12;
			productRefGroup = C0CE541E29D571B700F8AA12 /* Products */;
			projectDirPath = "";
			projectRoot = "";
			targets = (
				C0CE541C29D571B700F8AA12 /* Ionex */,
			);
		};
/* End PBXProject section */

/* Begin PBXResourcesBuildPhase section */
		C0CE541B29D571B700F8AA12 /* Resources */ = {
			isa = PBXResourcesBuildPhase;
			buildActionMask = 2147483647;
			files = (
				C0CE542D29D571BA00F8AA12 /* LaunchScreen.storyboard in Resources */,
				C0CE542A29D571BA00F8AA12 /* Assets.xcassets in Resources */,
				C0CE542829D571B700F8AA12 /* Main.storyboard in Resources */,
			);
			runOnlyForDeploymentPostprocessing = 0;
		};
/* End PBXResourcesBuildPhase section */

/* Begin PBXSourcesBuildPhase section */
		C0CE541929D571B700F8AA12 /* Sources */ = {
			isa = PBXSourcesBuildPhase;
			buildActionMask = 2147483647;
			files = (
				C0CE551C29D5A3EA00F8AA12 /* SecondViewController.swift in Sources */,
				C0CE542529D571B700F8AA12 /* ViewController.swift in Sources */,
				C0CE551829D582C000F8AA12 /* Service.swift in Sources */,
				C0CE542129D571B700F8AA12 /* AppDelegate.swift in Sources */,
				C0CE551A29D598DD00F8AA12 /* ViewModel.swift in Sources */,
				C0CE542329D571B700F8AA12 /* SceneDelegate.swift in Sources */,
			);
			runOnlyForDeploymentPostprocessing = 0;
		};
/* End PBXSourcesBuildPhase section */

/* Begin PBXVariantGroup section */
		C0CE542629D571B700F8AA12 /* Main.storyboard */ = {
			isa = PBXVariantGroup;
			children = (
				C0CE542729D571B700F8AA12 /* Base */,
			);
			name = Main.storyboard;
			sourceTree = "<group>";
		};
		C0CE542B29D571BA00F8AA12 /* LaunchScreen.storyboard */ = {
			isa = PBXVariantGroup;
			children = (
				C0CE542C29D571BA00F8AA12 /* Base */,
			);
			name = LaunchScreen.storyboard;
			sourceTree = "<group>";
		};
/* End PBXVariantGroup section */

/* Begin XCBuildConfiguration section */
		C0CE542F29D571BA00F8AA12 /* Debug */ = {
			isa = XCBuildConfiguration;
			buildSettings = {
				ALWAYS_SEARCH_USER_PATHS = NO;
				CLANG_ANALYZER_NONNULL = YES;
				CLANG_ANALYZER_NUMBER_OBJECT_CONVERSION = YES_AGGRESSIVE;
				CLANG_CXX_LANGUAGE_STANDARD = "gnu++20";
				CLANG_ENABLE_MODULES = YES;
				CLANG_ENABLE_OBJC_ARC = YES;
				CLANG_ENABLE_OBJC_WEAK = YES;
				CLANG_WARN_BLOCK_CAPTURE_AUTORELEASING = YES;
				CLANG_WARN_BOOL_CONVERSION = YES;
				CLANG_WARN_COMMA = YES;
				CLANG_WARN_CONSTANT_CONVERSION = YES;
				CLANG_WARN_DEPRECATED_OBJC_IMPLEMENTATIONS = YES;
				CLANG_WARN_DIRECT_OBJC_ISA_USAGE = YES_ERROR;
				CLANG_WARN_DOCUMENTATION_COMMENTS = YES;
				CLANG_WARN_EMPTY_BODY = YES;
				CLANG_WARN_ENUM_CONVERSION = YES;
				CLANG_WARN_INFINITE_RECURSION = YES;
				CLANG_WARN_INT_CONVERSION = YES;
				CLANG_WARN_NON_LITERAL_NULL_CONVERSION = YES;
				CLANG_WARN_OBJC_IMPLICIT_RETAIN_SELF = YES;
				CLANG_WARN_OBJC_LITERAL_CONVERSION = YES;
				CLANG_WARN_OBJC_ROOT_CLASS = YES_ERROR;
				CLANG_WARN_QUOTED_INCLUDE_IN_FRAMEWORK_HEADER = YES;
				CLANG_WARN_RANGE_LOOP_ANALYSIS = YES;
				CLANG_WARN_STRICT_PROTOTYPES = YES;
				CLANG_WARN_SUSPICIOUS_MOVE = YES;
				CLANG_WARN_UNGUARDED_AVAILABILITY = YES_AGGRESSIVE;
				CLANG_WARN_UNREACHABLE_CODE = YES;
				CLANG_WARN__DUPLICATE_METHOD_MATCH = YES;
				COPY_PHASE_STRIP = NO;
				DEBUG_INFORMATION_FORMAT = dwarf;
				ENABLE_STRICT_OBJC_MSGSEND = YES;
				ENABLE_TESTABILITY = YES;
				GCC_C_LANGUAGE_STANDARD = gnu11;
				GCC_DYNAMIC_NO_PIC = NO;
				GCC_NO_COMMON_BLOCKS = YES;
				GCC_OPTIMIZATION_LEVEL = 0;
				GCC_PREPROCESSOR_DEFINITIONS = (
					"DEBUG=1",
					"$(inherited)",
				);
				GCC_WARN_64_TO_32_BIT_CONVERSION = YES;
				GCC_WARN_ABOUT_RETURN_TYPE = YES_ERROR;
				GCC_WARN_UNDECLARED_SELECTOR = YES;
				GCC_WARN_UNINITIALIZED_AUTOS = YES_AGGRESSIVE;
				GCC_WARN_UNUSED_FUNCTION = YES;
				GCC_WARN_UNUSED_VARIABLE = YES;
				IPHONEOS_DEPLOYMENT_TARGET = 16.2;
				MTL_ENABLE_DEBUG_INFO = INCLUDE_SOURCE;
				MTL_FAST_MATH = YES;
				ONLY_ACTIVE_ARCH = YES;
				SDKROOT = iphoneos;
				SWIFT_ACTIVE_COMPILATION_CONDITIONS = DEBUG;
				SWIFT_OPTIMIZATION_LEVEL = "-Onone";
			};
			name = Debug;
		};
		C0CE543029D571BA00F8AA12 /* Release */ = {
			isa = XCBuildConfiguration;
			buildSettings = {
				ALWAYS_SEARCH_USER_PATHS = NO;
				CLANG_ANALYZER_NONNULL = YES;
				CLANG_ANALYZER_NUMBER_OBJECT_CONVERSION = YES_AGGRESSIVE;
				CLANG_CXX_LANGUAGE_STANDARD = "gnu++20";
				CLANG_ENABLE_MODULES = YES;
				CLANG_ENABLE_OBJC_ARC = YES;
				CLANG_ENABLE_OBJC_WEAK = YES;
				CLANG_WARN_BLOCK_CAPTURE_AUTORELEASING = YES;
				CLANG_WARN_BOOL_CONVERSION = YES;
				CLANG_WARN_COMMA = YES;
				CLANG_WARN_CONSTANT_CONVERSION = YES;
				CLANG_WARN_DEPRECATED_OBJC_IMPLEMENTATIONS = YES;
				CLANG_WARN_DIRECT_OBJC_ISA_USAGE = YES_ERROR;
				CLANG_WARN_DOCUMENTATION_COMMENTS = YES;
				CLANG_WARN_EMPTY_BODY = YES;
				CLANG_WARN_ENUM_CONVERSION = YES;
				CLANG_WARN_INFINITE_RECURSION = YES;
				CLANG_WARN_INT_CONVERSION = YES;
				CLANG_WARN_NON_LITERAL_NULL_CONVERSION = YES;
				CLANG_WARN_OBJC_IMPLICIT_RETAIN_SELF = YES;
				CLANG_WARN_OBJC_LITERAL_CONVERSION = YES;
				CLANG_WARN_OBJC_ROOT_CLASS = YES_ERROR;
				CLANG_WARN_QUOTED_INCLUDE_IN_FRAMEWORK_HEADER = YES;
				CLANG_WARN_RANGE_LOOP_ANALYSIS = YES;
				CLANG_WARN_STRICT_PROTOTYPES = YES;
				CLANG_WARN_SUSPICIOUS_MOVE = YES;
				CLANG_WARN_UNGUARDED_AVAILABILITY = YES_AGGRESSIVE;
				CLANG_WARN_UNREACHABLE_CODE = YES;
				CLANG_WARN__DUPLICATE_METHOD_MATCH = YES;
				COPY_PHASE_STRIP = NO;
				DEBUG_INFORMATION_FORMAT = "dwarf-with-dsym";
				ENABLE_NS_ASSERTIONS = NO;
				ENABLE_STRICT_OBJC_MSGSEND = YES;
				GCC_C_LANGUAGE_STANDARD = gnu11;
				GCC_NO_COMMON_BLOCKS = YES;
				GCC_WARN_64_TO_32_BIT_CONVERSION = YES;
				GCC_WARN_ABOUT_RETURN_TYPE = YES_ERROR;
				GCC_WARN_UNDECLARED_SELECTOR = YES;
				GCC_WARN_UNINITIALIZED_AUTOS = YES_AGGRESSIVE;
				GCC_WARN_UNUSED_FUNCTION = YES;
				GCC_WARN_UNUSED_VARIABLE = YES;
				IPHONEOS_DEPLOYMENT_TARGET = 16.2;
				MTL_ENABLE_DEBUG_INFO = NO;
				MTL_FAST_MATH = YES;
				SDKROOT = iphoneos;
				SWIFT_COMPILATION_MODE = wholemodule;
				SWIFT_OPTIMIZATION_LEVEL = "-O";
				VALIDATE_PRODUCT = YES;
			};
			name = Release;
		};
		C0CE543229D571BA00F8AA12 /* Debug */ = {
			isa = XCBuildConfiguration;
			buildSettings = {
				ASSETCATALOG_COMPILER_APPICON_NAME = AppIcon;
				ASSETCATALOG_COMPILER_GLOBAL_ACCENT_COLOR_NAME = AccentColor;
				CODE_SIGN_STYLE = Automatic;
				CURRENT_PROJECT_VERSION = 1;
				GENERATE_INFOPLIST_FILE = YES;
				INFOPLIST_FILE = Ionex/Info.plist;
				INFOPLIST_KEY_UIApplicationSupportsIndirectInputEvents = YES;
				INFOPLIST_KEY_UILaunchStoryboardName = LaunchScreen;
				INFOPLIST_KEY_UIMainStoryboardFile = Main;
				INFOPLIST_KEY_UISupportedInterfaceOrientations_iPad = "UIInterfaceOrientationPortrait UIInterfaceOrientationPortraitUpsideDown UIInterfaceOrientationLandscapeLeft UIInterfaceOrientationLandscapeRight";
				INFOPLIST_KEY_UISupportedInterfaceOrientations_iPhone = "UIInterfaceOrientationPortrait UIInterfaceOrientationLandscapeLeft UIInterfaceOrientationLandscapeRight";
				LD_RUNPATH_SEARCH_PATHS = (
					"$(inherited)",
					"@executable_path/Frameworks",
				);
				MARKETING_VERSION = 1.0;
				PRODUCT_BUNDLE_IDENTIFIER = com.sandyHuang.Ionex;
				PRODUCT_NAME = "$(TARGET_NAME)";
				SWIFT_EMIT_LOC_STRINGS = YES;
				SWIFT_VERSION = 5.0;
				TARGETED_DEVICE_FAMILY = "1,2";
			};
			name = Debug;
		};
		C0CE543329D571BA00F8AA12 /* Release */ = {
			isa = XCBuildConfiguration;
			buildSettings = {
				ASSETCATALOG_COMPILER_APPICON_NAME = AppIcon;
				ASSETCATALOG_COMPILER_GLOBAL_ACCENT_COLOR_NAME = AccentColor;
				CODE_SIGN_STYLE = Automatic;
				CURRENT_PROJECT_VERSION = 1;
				GENERATE_INFOPLIST_FILE = YES;
				INFOPLIST_FILE = Ionex/Info.plist;
				INFOPLIST_KEY_UIApplicationSupportsIndirectInputEvents = YES;
				INFOPLIST_KEY_UILaunchStoryboardName = LaunchScreen;
				INFOPLIST_KEY_UIMainStoryboardFile = Main;
				INFOPLIST_KEY_UISupportedInterfaceOrientations_iPad = "UIInterfaceOrientationPortrait UIInterfaceOrientationPortraitUpsideDown UIInterfaceOrientationLandscapeLeft UIInterfaceOrientationLandscapeRight";
				INFOPLIST_KEY_UISupportedInterfaceOrientations_iPhone = "UIInterfaceOrientationPortrait UIInterfaceOrientationLandscapeLeft UIInterfaceOrientationLandscapeRight";
				LD_RUNPATH_SEARCH_PATHS = (
					"$(inherited)",
					"@executable_path/Frameworks",
				);
				MARKETING_VERSION = 1.0;
				PRODUCT_BUNDLE_IDENTIFIER = com.sandyHuang.Ionex;
				PRODUCT_NAME = "$(TARGET_NAME)";
				SWIFT_EMIT_LOC_STRINGS = YES;
				SWIFT_VERSION = 5.0;
				TARGETED_DEVICE_FAMILY = "1,2";
			};
			name = Release;
		};
/* End XCBuildConfiguration section */

/* Begin XCConfigurationList section */
		C0CE541829D571B700F8AA12 /* Build configuration list for PBXProject "Ionex" */ = {
			isa = XCConfigurationList;
			buildConfigurations = (
				C0CE542F29D571BA00F8AA12 /* Debug */,
				C0CE543029D571BA00F8AA12 /* Release */,
			);
			defaultConfigurationIsVisible = 0;
			defaultConfigurationName = Release;
		};
		C0CE543129D571BA00F8AA12 /* Build configuration list for PBXNativeTarget "Ionex" */ = {
			isa = XCConfigurationList;
			buildConfigurations = (
				C0CE543229D571BA00F8AA12 /* Debug */,
				C0CE543329D571BA00F8AA12 /* Release */,
			);
			defaultConfigurationIsVisible = 0;
			defaultConfigurationName = Release;
		};
/* End XCConfigurationList section */
	};
	rootObject = C0CE541529D571B700F8AA12 /* Project object */;
}
